// !$*UTF8*$!
{
	archiveVersion = 1;
	classes = {
	};
	objectVersion = 56;
	objects = {

/* Begin PBXBuildFile section */
		D95C3B3D2910BE62008C312E /* StructuresAndClasses.swift in Sources */ = {isa = PBXBuildFile; fileRef = D95C3B3C2910BE62008C312E /* StructuresAndClasses.swift */; };
		D95C3B3F2910C27C008C312E /* Properties.swift in Sources */ = {isa = PBXBuildFile; fileRef = D95C3B3E2910C27C008C312E /* Properties.swift */; };
		D95C3B412910F7F5008C312E /* Methods.swift in Sources */ = {isa = PBXBuildFile; fileRef = D95C3B402910F7F5008C312E /* Methods.swift */; };
		D95C3B4329120871008C312E /* Subscripts.swift in Sources */ = {isa = PBXBuildFile; fileRef = D95C3B4229120871008C312E /* Subscripts.swift */; };
		D95C3B4529121319008C312E /* Inheritance.swift in Sources */ = {isa = PBXBuildFile; fileRef = D95C3B4429121319008C312E /* Inheritance.swift */; };
		D95C3B47291217EA008C312E /* Initialization.swift in Sources */ = {isa = PBXBuildFile; fileRef = D95C3B46291217EA008C312E /* Initialization.swift */; };
		D98A350E29161B37004EFCB1 /* Deinitialization.swift in Sources */ = {isa = PBXBuildFile; fileRef = D98A350D29161B37004EFCB1 /* Deinitialization.swift */; };
		D98A351029161D8F004EFCB1 /* OptionalChaining.swift in Sources */ = {isa = PBXBuildFile; fileRef = D98A350F29161D8F004EFCB1 /* OptionalChaining.swift */; };
		D98A351229169ADE004EFCB1 /* ErrorHandling.swift in Sources */ = {isa = PBXBuildFile; fileRef = D98A351129169ADE004EFCB1 /* ErrorHandling.swift */; };
		D98A351429169F95004EFCB1 /* Concurrency.swift in Sources */ = {isa = PBXBuildFile; fileRef = D98A351329169F95004EFCB1 /* Concurrency.swift */; };
		D98A35162916A2ED004EFCB1 /* TypeCasting.swift in Sources */ = {isa = PBXBuildFile; fileRef = D98A35152916A2ED004EFCB1 /* TypeCasting.swift */; };
		D98A351829188CE1004EFCB1 /* NestedTypes.swift in Sources */ = {isa = PBXBuildFile; fileRef = D98A351729188CE1004EFCB1 /* NestedTypes.swift */; };
		D98A351A29188DE0004EFCB1 /* Extesions.swift in Sources */ = {isa = PBXBuildFile; fileRef = D98A351929188DE0004EFCB1 /* Extesions.swift */; };
		D98A351C291891F8004EFCB1 /* Protocols.swift in Sources */ = {isa = PBXBuildFile; fileRef = D98A351B291891F8004EFCB1 /* Protocols.swift */; };
		D98A351E2918AB86004EFCB1 /* Generics.swift in Sources */ = {isa = PBXBuildFile; fileRef = D98A351D2918AB86004EFCB1 /* Generics.swift */; };
		D9A9FB5E290BDEEB0040A666 /* BasicOperators.swift in Sources */ = {isa = PBXBuildFile; fileRef = D9A9FB5D290BDEEB0040A666 /* BasicOperators.swift */; };
		D9A9FB60290BE8400040A666 /* StringsAndCharacters.swift in Sources */ = {isa = PBXBuildFile; fileRef = D9A9FB5F290BE8400040A666 /* StringsAndCharacters.swift */; };
		D9A9FB62290D2DC60040A666 /* CollectionTypes.swift in Sources */ = {isa = PBXBuildFile; fileRef = D9A9FB61290D2DC60040A666 /* CollectionTypes.swift */; };
		D9A9FB64290F48410040A666 /* ControlFlow.swift in Sources */ = {isa = PBXBuildFile; fileRef = D9A9FB63290F48410040A666 /* ControlFlow.swift */; };
		D9A9FB66290F497A0040A666 /* Functions.swift in Sources */ = {isa = PBXBuildFile; fileRef = D9A9FB65290F497A0040A666 /* Functions.swift */; };
		D9A9FB68290F6D620040A666 /* Closures.swift in Sources */ = {isa = PBXBuildFile; fileRef = D9A9FB67290F6D620040A666 /* Closures.swift */; };
		D9A9FB6A290F7B0B0040A666 /* Enumerations.swift in Sources */ = {isa = PBXBuildFile; fileRef = D9A9FB69290F7B0B0040A666 /* Enumerations.swift */; };
		D9E274672903EA91003D6224 /* main.swift in Sources */ = {isa = PBXBuildFile; fileRef = D9E274662903EA91003D6224 /* main.swift */; };
		D9E274742903EAAF003D6224 /* A Swift Tour.swift in Sources */ = {isa = PBXBuildFile; fileRef = D9E274712903EAAE003D6224 /* A Swift Tour.swift */; };
		D9E274762906500D003D6224 /* TheBasics.swift in Sources */ = {isa = PBXBuildFile; fileRef = D9E274752906500D003D6224 /* TheBasics.swift */; };
/* End PBXBuildFile section */

/* Begin PBXCopyFilesBuildPhase section */
		D9E274612903EA90003D6224 /* CopyFiles */ = {
			isa = PBXCopyFilesBuildPhase;
			buildActionMask = 2147483647;
			dstPath = /usr/share/man/man1/;
			dstSubfolderSpec = 0;
			files = (
			);
			runOnlyForDeploymentPostprocessing = 1;
		};
/* End PBXCopyFilesBuildPhase section */

/* Begin PBXFileReference section */
		D95C3B3C2910BE62008C312E /* StructuresAndClasses.swift */ = {isa = PBXFileReference; lastKnownFileType = sourcecode.swift; path = StructuresAndClasses.swift; sourceTree = "<group>"; };
		D95C3B3E2910C27C008C312E /* Properties.swift */ = {isa = PBXFileReference; lastKnownFileType = sourcecode.swift; path = Properties.swift; sourceTree = "<group>"; };
		D95C3B402910F7F5008C312E /* Methods.swift */ = {isa = PBXFileReference; lastKnownFileType = sourcecode.swift; path = Methods.swift; sourceTree = "<group>"; };
		D95C3B4229120871008C312E /* Subscripts.swift */ = {isa = PBXFileReference; lastKnownFileType = sourcecode.swift; path = Subscripts.swift; sourceTree = "<group>"; };
		D95C3B4429121319008C312E /* Inheritance.swift */ = {isa = PBXFileReference; lastKnownFileType = sourcecode.swift; path = Inheritance.swift; sourceTree = "<group>"; };
		D95C3B46291217EA008C312E /* Initialization.swift */ = {isa = PBXFileReference; lastKnownFileType = sourcecode.swift; path = Initialization.swift; sourceTree = "<group>"; };
		D98A350D29161B37004EFCB1 /* Deinitialization.swift */ = {isa = PBXFileReference; lastKnownFileType = sourcecode.swift; path = Deinitialization.swift; sourceTree = "<group>"; };
		D98A350F29161D8F004EFCB1 /* OptionalChaining.swift */ = {isa = PBXFileReference; lastKnownFileType = sourcecode.swift; path = OptionalChaining.swift; sourceTree = "<group>"; };
		D98A351129169ADE004EFCB1 /* ErrorHandling.swift */ = {isa = PBXFileReference; lastKnownFileType = sourcecode.swift; path = ErrorHandling.swift; sourceTree = "<group>"; };
		D98A351329169F95004EFCB1 /* Concurrency.swift */ = {isa = PBXFileReference; lastKnownFileType = sourcecode.swift; path = Concurrency.swift; sourceTree = "<group>"; };
		D98A35152916A2ED004EFCB1 /* TypeCasting.swift */ = {isa = PBXFileReference; lastKnownFileType = sourcecode.swift; path = TypeCasting.swift; sourceTree = "<group>"; };
		D98A351729188CE1004EFCB1 /* NestedTypes.swift */ = {isa = PBXFileReference; lastKnownFileType = sourcecode.swift; path = NestedTypes.swift; sourceTree = "<group>"; };
		D98A351929188DE0004EFCB1 /* Extesions.swift */ = {isa = PBXFileReference; lastKnownFileType = sourcecode.swift; path = Extesions.swift; sourceTree = "<group>"; };
		D98A351B291891F8004EFCB1 /* Protocols.swift */ = {isa = PBXFileReference; lastKnownFileType = sourcecode.swift; path = Protocols.swift; sourceTree = "<group>"; };
		D98A351D2918AB86004EFCB1 /* Generics.swift */ = {isa = PBXFileReference; lastKnownFileType = sourcecode.swift; path = Generics.swift; sourceTree = "<group>"; };
		D9A9FB5D290BDEEB0040A666 /* BasicOperators.swift */ = {isa = PBXFileReference; lastKnownFileType = sourcecode.swift; path = BasicOperators.swift; sourceTree = "<group>"; };
		D9A9FB5F290BE8400040A666 /* StringsAndCharacters.swift */ = {isa = PBXFileReference; lastKnownFileType = sourcecode.swift; path = StringsAndCharacters.swift; sourceTree = "<group>"; };
		D9A9FB61290D2DC60040A666 /* CollectionTypes.swift */ = {isa = PBXFileReference; lastKnownFileType = sourcecode.swift; path = CollectionTypes.swift; sourceTree = "<group>"; };
		D9A9FB63290F48410040A666 /* ControlFlow.swift */ = {isa = PBXFileReference; lastKnownFileType = sourcecode.swift; path = ControlFlow.swift; sourceTree = "<group>"; };
		D9A9FB65290F497A0040A666 /* Functions.swift */ = {isa = PBXFileReference; lastKnownFileType = sourcecode.swift; path = Functions.swift; sourceTree = "<group>"; };
		D9A9FB67290F6D620040A666 /* Closures.swift */ = {isa = PBXFileReference; lastKnownFileType = sourcecode.swift; path = Closures.swift; sourceTree = "<group>"; };
		D9A9FB69290F7B0B0040A666 /* Enumerations.swift */ = {isa = PBXFileReference; lastKnownFileType = sourcecode.swift; path = Enumerations.swift; sourceTree = "<group>"; };
		D9E274632903EA90003D6224 /* Swift5.7-Notes */ = {isa = PBXFileReference; explicitFileType = "compiled.mach-o.executable"; includeInIndex = 0; path = "Swift5.7-Notes"; sourceTree = BUILT_PRODUCTS_DIR; };
		D9E274662903EA91003D6224 /* main.swift */ = {isa = PBXFileReference; lastKnownFileType = sourcecode.swift; path = main.swift; sourceTree = "<group>"; };
		D9E2746F2903EAAE003D6224 /* README.md */ = {isa = PBXFileReference; fileEncoding = 4; lastKnownFileType = net.daringfireball.markdown; path = README.md; sourceTree = "<group>"; };
		D9E274712903EAAE003D6224 /* A Swift Tour.swift */ = {isa = PBXFileReference; fileEncoding = 4; lastKnownFileType = sourcecode.swift; path = "A Swift Tour.swift"; sourceTree = "<group>"; };
		D9E274752906500D003D6224 /* TheBasics.swift */ = {isa = PBXFileReference; lastKnownFileType = sourcecode.swift; path = TheBasics.swift; sourceTree = "<group>"; };
/* End PBXFileReference section */

/* Begin PBXFrameworksBuildPhase section */
		D9E274602903EA90003D6224 /* Frameworks */ = {
			isa = PBXFrameworksBuildPhase;
			buildActionMask = 2147483647;
			files = (
			);
			runOnlyForDeploymentPostprocessing = 0;
		};
/* End PBXFrameworksBuildPhase section */

/* Begin PBXGroup section */
		D9E2745A2903EA90003D6224 = {
			isa = PBXGroup;
			children = (
				D9E2746F2903EAAE003D6224 /* README.md */,
				D9E274652903EA91003D6224 /* Swift5.7-Notes */,
				D9E274642903EA90003D6224 /* Products */,
			);
			sourceTree = "<group>";
		};
		D9E274642903EA90003D6224 /* Products */ = {
			isa = PBXGroup;
			children = (
				D9E274632903EA90003D6224 /* Swift5.7-Notes */,
			);
			name = Products;
			sourceTree = "<group>";
		};
		D9E274652903EA91003D6224 /* Swift5.7-Notes */ = {
			isa = PBXGroup;
			children = (
				D9E274662903EA91003D6224 /* main.swift */,
				D9E274702903EAAE003D6224 /* 1. Welcome to Swift(欢迎使用Swift) */,
				D9E274722903EAAE003D6224 /* 2. Language Guild(Swift教程) */,
				D9E2746D2903EAAE003D6224 /* 3. Language Reference(语言参考) */,
			);
			path = "Swift5.7-Notes";
			sourceTree = "<group>";
		};
		D9E2746D2903EAAE003D6224 /* 3. Language Reference(语言参考) */ = {
			isa = PBXGroup;
			children = (
			);
			path = "3. Language Reference(语言参考)";
			sourceTree = "<group>";
		};
		D9E274702903EAAE003D6224 /* 1. Welcome to Swift(欢迎使用Swift) */ = {
			isa = PBXGroup;
			children = (
				D9E274712903EAAE003D6224 /* A Swift Tour.swift */,
			);
			path = "1. Welcome to Swift(欢迎使用Swift)";
			sourceTree = "<group>";
		};
		D9E274722903EAAE003D6224 /* 2. Language Guild(Swift教程) */ = {
			isa = PBXGroup;
			children = (
				D9E274752906500D003D6224 /* TheBasics.swift */,
				D9A9FB5D290BDEEB0040A666 /* BasicOperators.swift */,
				D9A9FB5F290BE8400040A666 /* StringsAndCharacters.swift */,
				D9A9FB61290D2DC60040A666 /* CollectionTypes.swift */,
				D9A9FB63290F48410040A666 /* ControlFlow.swift */,
				D9A9FB65290F497A0040A666 /* Functions.swift */,
				D9A9FB67290F6D620040A666 /* Closures.swift */,
				D9A9FB69290F7B0B0040A666 /* Enumerations.swift */,
				D95C3B3C2910BE62008C312E /* StructuresAndClasses.swift */,
				D95C3B3E2910C27C008C312E /* Properties.swift */,
				D95C3B402910F7F5008C312E /* Methods.swift */,
				D95C3B4229120871008C312E /* Subscripts.swift */,
				D95C3B4429121319008C312E /* Inheritance.swift */,
				D95C3B46291217EA008C312E /* Initialization.swift */,
				D98A350D29161B37004EFCB1 /* Deinitialization.swift */,
				D98A350F29161D8F004EFCB1 /* OptionalChaining.swift */,
				D98A351129169ADE004EFCB1 /* ErrorHandling.swift */,
				D98A351329169F95004EFCB1 /* Concurrency.swift */,
				D98A35152916A2ED004EFCB1 /* TypeCasting.swift */,
				D98A351729188CE1004EFCB1 /* NestedTypes.swift */,
				D98A351929188DE0004EFCB1 /* Extesions.swift */,
				D98A351B291891F8004EFCB1 /* Protocols.swift */,
				D98A351D2918AB86004EFCB1 /* Generics.swift */,
			);
			path = "2. Language Guild(Swift教程)";
			sourceTree = "<group>";
		};
/* End PBXGroup section */

/* Begin PBXNativeTarget section */
		D9E274622903EA90003D6224 /* Swift5.7-Notes */ = {
			isa = PBXNativeTarget;
			buildConfigurationList = D9E2746A2903EA91003D6224 /* Build configuration list for PBXNativeTarget "Swift5.7-Notes" */;
			buildPhases = (
				D9E2745F2903EA90003D6224 /* Sources */,
				D9E274602903EA90003D6224 /* Frameworks */,
				D9E274612903EA90003D6224 /* CopyFiles */,
			);
			buildRules = (
			);
			dependencies = (
			);
			name = "Swift5.7-Notes";
			productName = "Swift5.7-Notes";
			productReference = D9E274632903EA90003D6224 /* Swift5.7-Notes */;
			productType = "com.apple.product-type.tool";
		};
/* End PBXNativeTarget section */

/* Begin PBXProject section */
		D9E2745B2903EA90003D6224 /* Project object */ = {
			isa = PBXProject;
			attributes = {
				BuildIndependentTargetsInParallel = 1;
				LastSwiftUpdateCheck = 1400;
				LastUpgradeCheck = 1400;
				TargetAttributes = {
					D9E274622903EA90003D6224 = {
						CreatedOnToolsVersion = 14.0.1;
					};
				};
			};
			buildConfigurationList = D9E2745E2903EA90003D6224 /* Build configuration list for PBXProject "Swift5.7-Notes" */;
			compatibilityVersion = "Xcode 14.0";
			developmentRegion = en;
			hasScannedForEncodings = 0;
			knownRegions = (
				en,
				Base,
			);
			mainGroup = D9E2745A2903EA90003D6224;
			productRefGroup = D9E274642903EA90003D6224 /* Products */;
			projectDirPath = "";
			projectRoot = "";
			targets = (
				D9E274622903EA90003D6224 /* Swift5.7-Notes */,
			);
		};
/* End PBXProject section */

/* Begin PBXSourcesBuildPhase section */
		D9E2745F2903EA90003D6224 /* Sources */ = {
			isa = PBXSourcesBuildPhase;
			buildActionMask = 2147483647;
			files = (
				D95C3B3F2910C27C008C312E /* Properties.swift in Sources */,
				D9A9FB5E290BDEEB0040A666 /* BasicOperators.swift in Sources */,
				D98A35162916A2ED004EFCB1 /* TypeCasting.swift in Sources */,
				D95C3B4529121319008C312E /* Inheritance.swift in Sources */,
				D9E274672903EA91003D6224 /* main.swift in Sources */,
				D95C3B3D2910BE62008C312E /* StructuresAndClasses.swift in Sources */,
				D98A351829188CE1004EFCB1 /* NestedTypes.swift in Sources */,
				D9A9FB68290F6D620040A666 /* Closures.swift in Sources */,
				D9A9FB6A290F7B0B0040A666 /* Enumerations.swift in Sources */,
				D98A351A29188DE0004EFCB1 /* Extesions.swift in Sources */,
				D98A351429169F95004EFCB1 /* Concurrency.swift in Sources */,
				D98A351229169ADE004EFCB1 /* ErrorHandling.swift in Sources */,
				D98A351E2918AB86004EFCB1 /* Generics.swift in Sources */,
				D95C3B47291217EA008C312E /* Initialization.swift in Sources */,
				D9E274762906500D003D6224 /* TheBasics.swift in Sources */,
				D98A350E29161B37004EFCB1 /* Deinitialization.swift in Sources */,
				D98A351C291891F8004EFCB1 /* Protocols.swift in Sources */,
				D98A351029161D8F004EFCB1 /* OptionalChaining.swift in Sources */,
				D9A9FB66290F497A0040A666 /* Functions.swift in Sources */,
				D9A9FB62290D2DC60040A666 /* CollectionTypes.swift in Sources */,
				D95C3B4329120871008C312E /* Subscripts.swift in Sources */,
				D9A9FB60290BE8400040A666 /* StringsAndCharacters.swift in Sources */,
				D9E274742903EAAF003D6224 /* A Swift Tour.swift in Sources */,
				D95C3B412910F7F5008C312E /* Methods.swift in Sources */,
				D9A9FB64290F48410040A666 /* ControlFlow.swift in Sources */,
			);
			runOnlyForDeploymentPostprocessing = 0;
		};
/* End PBXSourcesBuildPhase section */

/* Begin XCBuildConfiguration section */
		D9E274682903EA91003D6224 /* Debug */ = {
			isa = XCBuildConfiguration;
			buildSettings = {
				ALWAYS_SEARCH_USER_PATHS = NO;
				CLANG_ANALYZER_NONNULL = YES;
				CLANG_ANALYZER_NUMBER_OBJECT_CONVERSION = YES_AGGRESSIVE;
				CLANG_CXX_LANGUAGE_STANDARD = "gnu++20";
				CLANG_ENABLE_MODULES = YES;
				CLANG_ENABLE_OBJC_ARC = YES;
				CLANG_ENABLE_OBJC_WEAK = YES;
				CLANG_WARN_BLOCK_CAPTURE_AUTORELEASING = YES;
				CLANG_WARN_BOOL_CONVERSION = YES;
				CLANG_WARN_COMMA = YES;
				CLANG_WARN_CONSTANT_CONVERSION = YES;
				CLANG_WARN_DEPRECATED_OBJC_IMPLEMENTATIONS = YES;
				CLANG_WARN_DIRECT_OBJC_ISA_USAGE = YES_ERROR;
				CLANG_WARN_DOCUMENTATION_COMMENTS = YES;
				CLANG_WARN_EMPTY_BODY = YES;
				CLANG_WARN_ENUM_CONVERSION = YES;
				CLANG_WARN_INFINITE_RECURSION = YES;
				CLANG_WARN_INT_CONVERSION = YES;
				CLANG_WARN_NON_LITERAL_NULL_CONVERSION = YES;
				CLANG_WARN_OBJC_IMPLICIT_RETAIN_SELF = YES;
				CLANG_WARN_OBJC_LITERAL_CONVERSION = YES;
				CLANG_WARN_OBJC_ROOT_CLASS = YES_ERROR;
				CLANG_WARN_QUOTED_INCLUDE_IN_FRAMEWORK_HEADER = YES;
				CLANG_WARN_RANGE_LOOP_ANALYSIS = YES;
				CLANG_WARN_STRICT_PROTOTYPES = YES;
				CLANG_WARN_SUSPICIOUS_MOVE = YES;
				CLANG_WARN_UNGUARDED_AVAILABILITY = YES_AGGRESSIVE;
				CLANG_WARN_UNREACHABLE_CODE = YES;
				CLANG_WARN__DUPLICATE_METHOD_MATCH = YES;
				COPY_PHASE_STRIP = NO;
				DEBUG_INFORMATION_FORMAT = dwarf;
				ENABLE_STRICT_OBJC_MSGSEND = YES;
				ENABLE_TESTABILITY = YES;
				GCC_C_LANGUAGE_STANDARD = gnu11;
				GCC_DYNAMIC_NO_PIC = NO;
				GCC_NO_COMMON_BLOCKS = YES;
				GCC_OPTIMIZATION_LEVEL = 0;
				GCC_PREPROCESSOR_DEFINITIONS = (
					"DEBUG=1",
					"$(inherited)",
				);
				GCC_WARN_64_TO_32_BIT_CONVERSION = YES;
				GCC_WARN_ABOUT_RETURN_TYPE = YES_ERROR;
				GCC_WARN_UNDECLARED_SELECTOR = YES;
				GCC_WARN_UNINITIALIZED_AUTOS = YES_AGGRESSIVE;
				GCC_WARN_UNUSED_FUNCTION = YES;
				GCC_WARN_UNUSED_VARIABLE = YES;
				MACOSX_DEPLOYMENT_TARGET = 12.3;
				MTL_ENABLE_DEBUG_INFO = INCLUDE_SOURCE;
				MTL_FAST_MATH = YES;
				ONLY_ACTIVE_ARCH = YES;
				SDKROOT = macosx;
				SWIFT_ACTIVE_COMPILATION_CONDITIONS = DEBUG;
				SWIFT_OPTIMIZATION_LEVEL = "-Onone";
			};
			name = Debug;
		};
		D9E274692903EA91003D6224 /* Release */ = {
			isa = XCBuildConfiguration;
			buildSettings = {
				ALWAYS_SEARCH_USER_PATHS = NO;
				CLANG_ANALYZER_NONNULL = YES;
				CLANG_ANALYZER_NUMBER_OBJECT_CONVERSION = YES_AGGRESSIVE;
				CLANG_CXX_LANGUAGE_STANDARD = "gnu++20";
				CLANG_ENABLE_MODULES = YES;
				CLANG_ENABLE_OBJC_ARC = YES;
				CLANG_ENABLE_OBJC_WEAK = YES;
				CLANG_WARN_BLOCK_CAPTURE_AUTORELEASING = YES;
				CLANG_WARN_BOOL_CONVERSION = YES;
				CLANG_WARN_COMMA = YES;
				CLANG_WARN_CONSTANT_CONVERSION = YES;
				CLANG_WARN_DEPRECATED_OBJC_IMPLEMENTATIONS = YES;
				CLANG_WARN_DIRECT_OBJC_ISA_USAGE = YES_ERROR;
				CLANG_WARN_DOCUMENTATION_COMMENTS = YES;
				CLANG_WARN_EMPTY_BODY = YES;
				CLANG_WARN_ENUM_CONVERSION = YES;
				CLANG_WARN_INFINITE_RECURSION = YES;
				CLANG_WARN_INT_CONVERSION = YES;
				CLANG_WARN_NON_LITERAL_NULL_CONVERSION = YES;
				CLANG_WARN_OBJC_IMPLICIT_RETAIN_SELF = YES;
				CLANG_WARN_OBJC_LITERAL_CONVERSION = YES;
				CLANG_WARN_OBJC_ROOT_CLASS = YES_ERROR;
				CLANG_WARN_QUOTED_INCLUDE_IN_FRAMEWORK_HEADER = YES;
				CLANG_WARN_RANGE_LOOP_ANALYSIS = YES;
				CLANG_WARN_STRICT_PROTOTYPES = YES;
				CLANG_WARN_SUSPICIOUS_MOVE = YES;
				CLANG_WARN_UNGUARDED_AVAILABILITY = YES_AGGRESSIVE;
				CLANG_WARN_UNREACHABLE_CODE = YES;
				CLANG_WARN__DUPLICATE_METHOD_MATCH = YES;
				COPY_PHASE_STRIP = NO;
				DEBUG_INFORMATION_FORMAT = "dwarf-with-dsym";
				ENABLE_NS_ASSERTIONS = NO;
				ENABLE_STRICT_OBJC_MSGSEND = YES;
				GCC_C_LANGUAGE_STANDARD = gnu11;
				GCC_NO_COMMON_BLOCKS = YES;
				GCC_WARN_64_TO_32_BIT_CONVERSION = YES;
				GCC_WARN_ABOUT_RETURN_TYPE = YES_ERROR;
				GCC_WARN_UNDECLARED_SELECTOR = YES;
				GCC_WARN_UNINITIALIZED_AUTOS = YES_AGGRESSIVE;
				GCC_WARN_UNUSED_FUNCTION = YES;
				GCC_WARN_UNUSED_VARIABLE = YES;
				MACOSX_DEPLOYMENT_TARGET = 12.3;
				MTL_ENABLE_DEBUG_INFO = NO;
				MTL_FAST_MATH = YES;
				SDKROOT = macosx;
				SWIFT_COMPILATION_MODE = wholemodule;
				SWIFT_OPTIMIZATION_LEVEL = "-O";
			};
			name = Release;
		};
		D9E2746B2903EA91003D6224 /* Debug */ = {
			isa = XCBuildConfiguration;
			buildSettings = {
				CODE_SIGN_STYLE = Automatic;
				DEVELOPMENT_TEAM = WX67CCRW3Y;
				ENABLE_HARDENED_RUNTIME = YES;
				PRODUCT_NAME = "$(TARGET_NAME)";
				SWIFT_VERSION = 5.0;
			};
			name = Debug;
		};
		D9E2746C2903EA91003D6224 /* Release */ = {
			isa = XCBuildConfiguration;
			buildSettings = {
				CODE_SIGN_STYLE = Automatic;
				DEVELOPMENT_TEAM = WX67CCRW3Y;
				ENABLE_HARDENED_RUNTIME = YES;
				PRODUCT_NAME = "$(TARGET_NAME)";
				SWIFT_VERSION = 5.0;
			};
			name = Release;
		};
/* End XCBuildConfiguration section */

/* Begin XCConfigurationList section */
		D9E2745E2903EA90003D6224 /* Build configuration list for PBXProject "Swift5.7-Notes" */ = {
			isa = XCConfigurationList;
			buildConfigurations = (
				D9E274682903EA91003D6224 /* Debug */,
				D9E274692903EA91003D6224 /* Release */,
			);
			defaultConfigurationIsVisible = 0;
			defaultConfigurationName = Release;
		};
		D9E2746A2903EA91003D6224 /* Build configuration list for PBXNativeTarget "Swift5.7-Notes" */ = {
			isa = XCConfigurationList;
			buildConfigurations = (
				D9E2746B2903EA91003D6224 /* Debug */,
				D9E2746C2903EA91003D6224 /* Release */,
			);
			defaultConfigurationIsVisible = 0;
			defaultConfigurationName = Release;
		};
/* End XCConfigurationList section */
	};
	rootObject = D9E2745B2903EA90003D6224 /* Project object */;
}
